
Microsoft Visual Studio Solution File, Format Version 12.00
# Visual Studio Version 16
VisualStudioVersion = 16.0.30420.98
MinimumVisualStudioVersion = 10.0.40219.1
Project("{FAE04EC0-301F-11D3-BF4B-00C04F79EFBC}") = "GrpcServer.Web", "GrpcServer.Web\GrpcServer.Web.csproj", "{74DAF323-394E-479E-BB8F-6F635049C30B}"
EndProject
Global
	GlobalSection(SolutionConfigurationPlatforms) = preSolution
		Debug|Any CPU = Debug|Any CPU
		Release|Any CPU = Release|Any CPU
	EndGlobalSection
	GlobalSection(ProjectConfigurationPlatforms) = postSolution
		{74DAF323-394E-479E-BB8F-6F635049C30B}.Debug|Any CPU.ActiveCfg = Debug|Any CPU
		{74DAF323-394E-479E-BB8F-6F635049C30B}.Debug|Any CPU.Build.0 = Debug|Any CPU
		{74DAF323-394E-479E-BB8F-6F635049C30B}.Release|Any CPU.ActiveCfg = Release|Any CPU
		{74DAF323-394E-479E-BB8F-6F635049C30B}.Release|Any CPU.Build.0 = Release|Any CPU
	EndGlobalSection
	GlobalSection(SolutionProperties) = preSolution
		HideSolutionNode = FALSE
	EndGlobalSection
	GlobalSection(ExtensibilityGlobals) = postSolution
		SolutionGuid = {17C11745-FA96-4A83-A921-F852894D99B7}
	EndGlobalSection
EndGlobal
